
Microsoft Visual Studio Solution File, Format Version 12.00
# Visual Studio 2013
VisualStudioVersion = 12.0.40629.0
MinimumVisualStudioVersion = 10.0.40219.1
Project("{FAE04EC0-301F-11D3-BF4B-00C04F79EFBC}") = "angular_assignment1", "angular_assignment1\angular_assignment1.csproj", "{C8FBA4E0-BC88-4C0A-9478-6EF518CDD512}"
EndProject
Global
	GlobalSection(SolutionConfigurationPlatforms) = preSolution
		Debug|Any CPU = Debug|Any CPU
		Release|Any CPU = Release|Any CPU
	EndGlobalSection
	GlobalSection(ProjectConfigurationPlatforms) = postSolution
		{C8FBA4E0-BC88-4C0A-9478-6EF518CDD512}.Debug|Any CPU.ActiveCfg = Debug|Any CPU
		{C8FBA4E0-BC88-4C0A-9478-6EF518CDD512}.Debug|Any CPU.Build.0 = Debug|Any CPU
		{C8FBA4E0-BC88-4C0A-9478-6EF518CDD512}.Release|Any CPU.ActiveCfg = Release|Any CPU
		{C8FBA4E0-BC88-4C0A-9478-6EF518CDD512}.Release|Any CPU.Build.0 = Release|Any CPU
	EndGlobalSection
	GlobalSection(SolutionProperties) = preSolution
		HideSolutionNode = FALSE
	EndGlobalSection
EndGlobal
